PODS:
  - FBSnapshotTestCase (2.1.4):
    - FBSnapshotTestCase/SwiftSupport (= 2.1.4)
  - FBSnapshotTestCase/Core (2.1.4)
  - FBSnapshotTestCase/SwiftSupport (2.1.4):
    - FBSnapshotTestCase/Core
  - GGXCozeChat (0.1.4):
    - PTDebugView
    - SmartCodable
  - GGXRSA (0.1.0)
  - GGXSwiftExtension (0.6.2)
  - PTDebugView (0.1.8):
    - GGXSwiftExtension
  - SmartCodable (4.1.1)

DEPENDENCIES:
  - FBSnapshotTestCase (~> 2.1.4)
  - GGXCozeChat (from `../`)
  - GGXRSA

SPEC REPOS:
  trunk:
    - FBSnapshotTestCase
    - GGXRSA
    - GGXSwiftExtension
    - PTDebugView
    - SmartCodable

EXTERNAL SOURCES:
  GGXCozeChat:
    :path: "../"

SPEC CHECKSUMS:
  FBSnapshotTestCase: 094f9f314decbabe373b87cc339bea235a63e07a
  GGXCozeChat: 5ede835fa4a72ed3af8556c7b5eab1786b004a04
  GGXRSA: d33cc5e8fc3d16e6d33be01b3eebb1a52ab67ac6
  GGXSwiftExtension: d775a0bb239693525f1d18d71c5aaac29d85ff02
  PTDebugView: fcba2d292157f90bb3808d8c3bbfafdb42fada88
  SmartCodable: 092fd8c698dc958fc95e1d93baf3b497f9ab1715

PODFILE CHECKSUM: b202bc68f7c280651d4ba8875ace0df94db8ddc1

COCOAPODS: 1.15.0
