PODS:
  - FBSnapshotTestCase (2.1.4):
    - FBSnapshotTestCase/SwiftSupport (= 2.1.4)
  - FBSnapshotTestCase/Core (2.1.4)
  - FBSnapshotTestCase/SwiftSupport (2.1.4):
    - FBSnapshotTestCase/Core
  - GGXCozeChat (0.1.9):
    - GGXSwiftExtension
    - SmartCodable
  - GGXRSA (0.1.1)
  - GGXSwiftExtension (0.6.4)
  - SmartCodable (4.1.1)

DEPENDENCIES:
  - FBSnapshotTestCase (~> 2.1.4)
  - GGXCozeChat (from `../`)
  - GGXRSA

SPEC REPOS:
  trunk:
    - FBSnapshotTestCase
    - GGXRSA
    - GGXSwiftExtension
    - SmartCodable

EXTERNAL SOURCES:
  GGXCozeChat:
    :path: "../"

SPEC CHECKSUMS:
  FBSnapshotTestCase: 094f9f314decbabe373b87cc339bea235a63e07a
  GGXCozeChat: 7892de7195297dbe326df6c9643d28d10c6f42a7
  GGXRSA: 032e7fbdc1a6108e87e5da0be077bb519375e012
  GGXSwiftExtension: 6909d3717a0888980b6fac062973c0beecd08da2
  SmartCodable: 092fd8c698dc958fc95e1d93baf3b497f9ab1715

PODFILE CHECKSUM: 28ec9329afefbe1f19b8148f0fd48ed505e22882

COCOAPODS: 1.15.0
